
Microsoft Visual Studio Solution File, Format Version 12.00
# Visual Studio Version 17
VisualStudioVersion = 17.14.36408.4
MinimumVisualStudioVersion = 10.0.40219.1
Project("{2150E333-8FDC-42A3-9474-1A3956D46DE8}") = "1 - Presentacion", "1 - Presentacion", "{02EA681E-C7D8-13C7-8484-4AC65E1B71E8}"
EndProject
Project("{2150E333-8FDC-42A3-9474-1A3956D46DE8}") = "2 - Aplicacion", "2 - Aplicacion", "{A4FB9FCC-24C2-4088-A796-824D9646688A}"
EndProject
Project("{2150E333-8FDC-42A3-9474-1A3956D46DE8}") = "3 - Dominio", "3 - Dominio", "{B02F2BDF-C58E-4144-8CF1-49EE6E0164D4}"
EndProject
Project("{2150E333-8FDC-42A3-9474-1A3956D46DE8}") = "4 - Infraestructura", "4 - Infraestructura", "{A97C793E-D784-4105-92B3-1775883788F9}"
EndProject
Project("{2150E333-8FDC-42A3-9474-1A3956D46DE8}") = "5 - Pruebas", "5 - Pruebas", "{7A67B1BF-591E-48BF-AE7F-9EEA3C7D620E}"
EndProject
Project("{FAE04EC0-301F-11D3-BF4B-00C04F79EFBC}") = "Grimorio.API", "Src\SistemaVentas.API\Grimorio.API.csproj", "{42EBEE58-6FB0-44DE-821D-335E218DCAA0}"
EndProject
Project("{FAE04EC0-301F-11D3-BF4B-00C04F79EFBC}") = "Grimorio.BLL", "Src\SistemaVenta.BLL\Grimorio.BLL.csproj", "{3F563D6F-1633-43F4-BB91-04726BD60AEA}"
EndProject
Project("{FAE04EC0-301F-11D3-BF4B-00C04F79EFBC}") = "Grimorio.DTO", "Src\Grimorio.DTO\Grimorio.DTO.csproj", "{6EA20B18-10A0-4445-A6A6-4F5C65EDF195}"
EndProject
Project("{FAE04EC0-301F-11D3-BF4B-00C04F79EFBC}") = "Grimorio.Model", "Src\Grimorio.Model\Grimorio.Model.csproj", "{AE30DC84-9100-43A4-A230-2F1A47C491CE}"
EndProject
Project("{FAE04EC0-301F-11D3-BF4B-00C04F79EFBC}") = "Grimorio.IOC", "Src\Grimorio.IOC\Grimorio.IOC.csproj", "{0532DE97-D90B-4BD4-81CB-BF883CE29CB5}"
EndProject
Project("{FAE04EC0-301F-11D3-BF4B-00C04F79EFBC}") = "Grimorio.Utility", "Src\Grimorio.Utility\Grimorio.Utility.csproj", "{1FD7F402-1248-4CE2-A07B-1D55625FE707}"
EndProject
Project("{FAE04EC0-301F-11D3-BF4B-00C04F79EFBC}") = "Grimorio.Test", "Src\Grimorio.Test\Grimorio.Test.csproj", "{724FB9E3-D1B7-45BD-BEBA-C7AB4D4793FA}"
EndProject
Project("{2150E333-8FDC-42A3-9474-1A3956D46DE8}") = "6 - Documentacion", "6 - Documentacion", "{C13BF4BA-0F00-4603-A686-4D902C1EF34B}"
EndProject
Project("{FAE04EC0-301F-11D3-BF4B-00C04F79EFBC}") = "Grimorio.DAL", "Src\Grimorio.DAL\Grimorio.DAL.csproj", "{28BDBB0E-A9F8-4048-9195-39457DFAD64E}"
EndProject
Global
	GlobalSection(SolutionConfigurationPlatforms) = preSolution
		Debug|Any CPU = Debug|Any CPU
		Release|Any CPU = Release|Any CPU
	EndGlobalSection
	GlobalSection(ProjectConfigurationPlatforms) = postSolution
		{42EBEE58-6FB0-44DE-821D-335E218DCAA0}.Debug|Any CPU.ActiveCfg = Debug|Any CPU
		{42EBEE58-6FB0-44DE-821D-335E218DCAA0}.Debug|Any CPU.Build.0 = Debug|Any CPU
		{42EBEE58-6FB0-44DE-821D-335E218DCAA0}.Release|Any CPU.ActiveCfg = Release|Any CPU
		{42EBEE58-6FB0-44DE-821D-335E218DCAA0}.Release|Any CPU.Build.0 = Release|Any CPU
		{3F563D6F-1633-43F4-BB91-04726BD60AEA}.Debug|Any CPU.ActiveCfg = Debug|Any CPU
		{3F563D6F-1633-43F4-BB91-04726BD60AEA}.Debug|Any CPU.Build.0 = Debug|Any CPU
		{3F563D6F-1633-43F4-BB91-04726BD60AEA}.Release|Any CPU.ActiveCfg = Release|Any CPU
		{3F563D6F-1633-43F4-BB91-04726BD60AEA}.Release|Any CPU.Build.0 = Release|Any CPU
		{6EA20B18-10A0-4445-A6A6-4F5C65EDF195}.Debug|Any CPU.ActiveCfg = Debug|Any CPU
		{6EA20B18-10A0-4445-A6A6-4F5C65EDF195}.Debug|Any CPU.Build.0 = Debug|Any CPU
		{6EA20B18-10A0-4445-A6A6-4F5C65EDF195}.Release|Any CPU.ActiveCfg = Release|Any CPU
		{6EA20B18-10A0-4445-A6A6-4F5C65EDF195}.Release|Any CPU.Build.0 = Release|Any CPU
		{AE30DC84-9100-43A4-A230-2F1A47C491CE}.Debug|Any CPU.ActiveCfg = Debug|Any CPU
		{AE30DC84-9100-43A4-A230-2F1A47C491CE}.Debug|Any CPU.Build.0 = Debug|Any CPU
		{AE30DC84-9100-43A4-A230-2F1A47C491CE}.Release|Any CPU.ActiveCfg = Release|Any CPU
		{AE30DC84-9100-43A4-A230-2F1A47C491CE}.Release|Any CPU.Build.0 = Release|Any CPU
		{0532DE97-D90B-4BD4-81CB-BF883CE29CB5}.Debug|Any CPU.ActiveCfg = Debug|Any CPU
		{0532DE97-D90B-4BD4-81CB-BF883CE29CB5}.Debug|Any CPU.Build.0 = Debug|Any CPU
		{0532DE97-D90B-4BD4-81CB-BF883CE29CB5}.Release|Any CPU.ActiveCfg = Release|Any CPU
		{0532DE97-D90B-4BD4-81CB-BF883CE29CB5}.Release|Any CPU.Build.0 = Release|Any CPU
		{1FD7F402-1248-4CE2-A07B-1D55625FE707}.Debug|Any CPU.ActiveCfg = Debug|Any CPU
		{1FD7F402-1248-4CE2-A07B-1D55625FE707}.Debug|Any CPU.Build.0 = Debug|Any CPU
		{1FD7F402-1248-4CE2-A07B-1D55625FE707}.Release|Any CPU.ActiveCfg = Release|Any CPU
		{1FD7F402-1248-4CE2-A07B-1D55625FE707}.Release|Any CPU.Build.0 = Release|Any CPU
		{724FB9E3-D1B7-45BD-BEBA-C7AB4D4793FA}.Debug|Any CPU.ActiveCfg = Debug|Any CPU
		{724FB9E3-D1B7-45BD-BEBA-C7AB4D4793FA}.Debug|Any CPU.Build.0 = Debug|Any CPU
		{724FB9E3-D1B7-45BD-BEBA-C7AB4D4793FA}.Release|Any CPU.ActiveCfg = Release|Any CPU
		{724FB9E3-D1B7-45BD-BEBA-C7AB4D4793FA}.Release|Any CPU.Build.0 = Release|Any CPU
		{28BDBB0E-A9F8-4048-9195-39457DFAD64E}.Debug|Any CPU.ActiveCfg = Debug|Any CPU
		{28BDBB0E-A9F8-4048-9195-39457DFAD64E}.Debug|Any CPU.Build.0 = Debug|Any CPU
		{28BDBB0E-A9F8-4048-9195-39457DFAD64E}.Release|Any CPU.ActiveCfg = Release|Any CPU
		{28BDBB0E-A9F8-4048-9195-39457DFAD64E}.Release|Any CPU.Build.0 = Release|Any CPU
	EndGlobalSection
	GlobalSection(SolutionProperties) = preSolution
		HideSolutionNode = FALSE
	EndGlobalSection
	GlobalSection(NestedProjects) = preSolution
		{42EBEE58-6FB0-44DE-821D-335E218DCAA0} = {02EA681E-C7D8-13C7-8484-4AC65E1B71E8}
		{3F563D6F-1633-43F4-BB91-04726BD60AEA} = {A4FB9FCC-24C2-4088-A796-824D9646688A}
		{6EA20B18-10A0-4445-A6A6-4F5C65EDF195} = {A4FB9FCC-24C2-4088-A796-824D9646688A}
		{AE30DC84-9100-43A4-A230-2F1A47C491CE} = {B02F2BDF-C58E-4144-8CF1-49EE6E0164D4}
		{0532DE97-D90B-4BD4-81CB-BF883CE29CB5} = {A97C793E-D784-4105-92B3-1775883788F9}
		{1FD7F402-1248-4CE2-A07B-1D55625FE707} = {A97C793E-D784-4105-92B3-1775883788F9}
		{724FB9E3-D1B7-45BD-BEBA-C7AB4D4793FA} = {7A67B1BF-591E-48BF-AE7F-9EEA3C7D620E}
		{28BDBB0E-A9F8-4048-9195-39457DFAD64E} = {A97C793E-D784-4105-92B3-1775883788F9}
	EndGlobalSection
	GlobalSection(ExtensibilityGlobals) = postSolution
		SolutionGuid = {85CC5AA9-0C6B-4EBB-A643-04FC3C5F78E0}
	EndGlobalSection
EndGlobal
